<?xml version="1.0" encoding="utf-8"?>
<Project ToolsVersion="4.0" xmlns="http://schemas.microsoft.com/developer/msbuild/2003">
  <ItemGroup>
    <Filter Include="manual">
      <UniqueIdentifier>{4FC737F1-C7A5-4376-A066-2A32D752A2FF}</UniqueIdentifier>
      <Extensions>cpp;c;cc;cxx;def;odl;idl;hpj;bat;asm;asmx</Extensions>
    </Filter>
    <Filter Include="auto">
      <UniqueIdentifier>{93995380-89BD-4b04-88EB-625FBE52EBFB}</UniqueIdentifier>
      <Extensions>h;hpp;hxx;hm;inl;inc;xsd</Extensions>
    </Filter>
    <Filter Include="jswrapper">
      <UniqueIdentifier>{3d033fce-2d30-4079-9cc4-cf7f1a497b24}</UniqueIdentifier>
    </Filter>
    <Filter Include="jswrapper\v8">
      <UniqueIdentifier>{9a591c3c-2315-4910-860e-a8abb363b7bd}</UniqueIdentifier>
    </Filter>
  </ItemGroup>
  <ItemGroup>
    <ClCompile Include="..\auto\jsb_cocos2dx_auto.cpp">
      <Filter>auto</Filter>
    </ClCompile>
    <ClCompile Include="..\auto\jsb_cocos2dx_dragonbones_auto.cpp">
      <Filter>auto</Filter>
    </ClCompile>
    <ClCompile Include="..\auto\jsb_cocos2dx_experimental_video_auto.cpp">
      <Filter>auto</Filter>
    </ClCompile>
    <ClCompile Include="..\auto\jsb_cocos2dx_experimental_webView_auto.cpp">
      <Filter>auto</Filter>
    </ClCompile>
    <ClCompile Include="..\auto\jsb_cocos2dx_extension_auto.cpp">
      <Filter>auto</Filter>
    </ClCompile>
    <ClCompile Include="..\auto\jsb_cocos2dx_network_auto.cpp">
      <Filter>auto</Filter>
    </ClCompile>
    <ClCompile Include="..\auto\jsb_cocos2dx_spine_auto.cpp">
      <Filter>auto</Filter>
    </ClCompile>
    <ClCompile Include="..\auto\jsb_cocos2dx_ui_auto.cpp">
      <Filter>auto</Filter>
    </ClCompile>
    <ClCompile Include="..\auto\jsb_creator_auto.cpp">
      <Filter>auto</Filter>
    </ClCompile>
    <ClCompile Include="..\auto\jsb_box2d_auto.cpp">
      <Filter>auto</Filter>
    </ClCompile>
    <ClCompile Include="..\auto\jsb_cocos2dx_audioengine_auto.cpp">
      <Filter>auto</Filter>
    </ClCompile>
    <ClCompile Include="..\manual\jsb_box2d_manual.cpp">
      <Filter>manual</Filter>
    </ClCompile>
    <ClCompile Include="..\manual\jsb_classtype.cpp">
      <Filter>manual</Filter>
    </ClCompile>
    <ClCompile Include="..\manual\jsb_cocos2dx_extension_manual.cpp">
      <Filter>manual</Filter>
    </ClCompile>
    <ClCompile Include="..\manual\jsb_cocos2dx_manual.cpp">
      <Filter>manual</Filter>
    </ClCompile>
    <ClCompile Include="..\manual\jsb_conversions.cpp">
      <Filter>manual</Filter>
    </ClCompile>
    <ClCompile Include="..\manual\jsb_creator_manual.cpp">
      <Filter>manual</Filter>
    </ClCompile>
    <ClCompile Include="..\manual\jsb_dragonbones_manual.cpp">
      <Filter>manual</Filter>
    </ClCompile>
    <ClCompile Include="..\manual\jsb_global.cpp">
      <Filter>manual</Filter>
    </ClCompile>
    <ClCompile Include="..\manual\jsb_helper.cpp">
      <Filter>manual</Filter>
    </ClCompile>
    <ClCompile Include="..\manual\jsb_module_register.cpp">
      <Filter>manual</Filter>
    </ClCompile>
    <ClCompile Include="..\manual\jsb_node.cpp">
      <Filter>manual</Filter>
    </ClCompile>
    <ClCompile Include="..\manual\jsb_socketio.cpp">
      <Filter>manual</Filter>
    </ClCompile>
    <ClCompile Include="..\manual\jsb_spine_manual.cpp">
      <Filter>manual</Filter>
    </ClCompile>
    <ClCompile Include="..\manual\jsb_websocket.cpp">
      <Filter>manual</Filter>
    </ClCompile>
    <ClCompile Include="..\manual\jsb_xmlhttprequest.cpp">
      <Filter>manual</Filter>
    </ClCompile>
    <ClCompile Include="..\manual\ScriptingCore.cpp">
      <Filter>manual</Filter>
    </ClCompile>
    <ClCompile Include="..\jswrapper\HandleObject.cpp">
      <Filter>jswrapper</Filter>
    </ClCompile>
    <ClCompile Include="..\jswrapper\RefCounter.cpp">
      <Filter>jswrapper</Filter>
    </ClCompile>
    <ClCompile Include="..\jswrapper\State.cpp">
      <Filter>jswrapper</Filter>
    </ClCompile>
    <ClCompile Include="..\jswrapper\Value.cpp">
      <Filter>jswrapper</Filter>
    </ClCompile>
    <ClCompile Include="..\jswrapper\v8\Object.cpp">
      <Filter>jswrapper\v8</Filter>
    </ClCompile>
    <ClCompile Include="..\jswrapper\v8\ObjectWrap.cpp">
      <Filter>jswrapper\v8</Filter>
    </ClCompile>
    <ClCompile Include="..\jswrapper\v8\ScriptEngine.cpp">
      <Filter>jswrapper\v8</Filter>
    </ClCompile>
    <ClCompile Include="..\jswrapper\v8\Utils.cpp">
      <Filter>jswrapper\v8</Filter>
    </ClCompile>
    <ClCompile Include="..\jswrapper\v8\Class.cpp">
      <Filter>jswrapper\v8</Filter>
    </ClCompile>
    <ClCompile Include="..\jswrapper\v8\inspector_agent.cc">
      <Filter>jswrapper\v8</Filter>
    </ClCompile>
    <ClCompile Include="..\jswrapper\v8\inspector_io.cc">
      <Filter>jswrapper\v8</Filter>
    </ClCompile>
    <ClCompile Include="..\jswrapper\v8\inspector_socket.cc">
      <Filter>jswrapper\v8</Filter>
    </ClCompile>
    <ClCompile Include="..\jswrapper\v8\inspector_socket_server.cc">
      <Filter>jswrapper\v8</Filter>
    </ClCompile>
    <ClCompile Include="..\jswrapper\v8\node.cc">
      <Filter>jswrapper\v8</Filter>
    </ClCompile>
    <ClCompile Include="..\jswrapper\v8\node_debug_options.cc">
      <Filter>jswrapper\v8</Filter>
    </ClCompile>
    <ClCompile Include="..\jswrapper\v8\util.cc">
      <Filter>jswrapper\v8</Filter>
    </ClCompile>
    <ClCompile Include="..\jswrapper\v8\env.cc">
      <Filter>jswrapper\v8</Filter>
    </ClCompile>
    <ClCompile Include="..\jswrapper\v8\http_parser.c">
      <Filter>jswrapper\v8</Filter>
    </ClCompile>
    <ClCompile Include="..\jswrapper\v8\SHA1.cpp">
      <Filter>jswrapper\v8</Filter>
    </ClCompile>
    <ClCompile Include="..\jswrapper\MappingUtils.cpp">
      <Filter>jswrapper</Filter>
    </ClCompile>
    <ClCompile Include="..\manual\BaseJSAction.cpp">
      <Filter>manual</Filter>
    </ClCompile>
    <ClCompile Include="..\jswrapper\config.cpp">
      <Filter>jswrapper</Filter>
    </ClCompile>
    <ClCompile Include="..\auto\jsb_creator_camera_auto.cpp">
      <Filter>auto</Filter>
    </ClCompile>
    <ClCompile Include="..\auto\jsb_creator_graphics_auto.cpp">
      <Filter>auto</Filter>
    </ClCompile>
    <ClCompile Include="..\auto\jsb_creator_physics_auto.cpp">
      <Filter>auto</Filter>
    </ClCompile>
    <ClCompile Include="..\manual\jsb_creator_physics_manual.cpp">
      <Filter>manual</Filter>
    </ClCompile>
    <ClCompile Include="..\manual\jsb_opengl_functions.cpp">
      <Filter>manual</Filter>
    </ClCompile>
    <ClCompile Include="..\manual\jsb_opengl_manual.cpp">
      <Filter>manual</Filter>
    </ClCompile>
    <ClCompile Include="..\manual\jsb_opengl_node.cpp">
      <Filter>manual</Filter>
    </ClCompile>
    <ClCompile Include="..\manual\jsb_opengl_registration.cpp">
      <Filter>manual</Filter>
    </ClCompile>
  </ItemGroup>
  <ItemGroup>
    <ClInclude Include="..\auto\jsb_cocos2dx_auto.hpp">
      <Filter>auto</Filter>
    </ClInclude>
    <ClInclude Include="..\auto\jsb_cocos2dx_dragonbones_auto.hpp">
      <Filter>auto</Filter>
    </ClInclude>
    <ClInclude Include="..\auto\jsb_cocos2dx_experimental_video_auto.hpp">
      <Filter>auto</Filter>
    </ClInclude>
    <ClInclude Include="..\auto\jsb_cocos2dx_experimental_webView_auto.hpp">
      <Filter>auto</Filter>
    </ClInclude>
    <ClInclude Include="..\auto\jsb_cocos2dx_extension_auto.hpp">
      <Filter>auto</Filter>
    </ClInclude>
    <ClInclude Include="..\auto\jsb_cocos2dx_network_auto.hpp">
      <Filter>auto</Filter>
    </ClInclude>
    <ClInclude Include="..\auto\jsb_cocos2dx_spine_auto.hpp">
      <Filter>auto</Filter>
    </ClInclude>
    <ClInclude Include="..\auto\jsb_cocos2dx_ui_auto.hpp">
      <Filter>auto</Filter>
    </ClInclude>
    <ClInclude Include="..\auto\jsb_creator_auto.hpp">
      <Filter>auto</Filter>
    </ClInclude>
    <ClInclude Include="..\auto\jsb_box2d_auto.hpp">
      <Filter>auto</Filter>
    </ClInclude>
    <ClInclude Include="..\auto\jsb_cocos2dx_audioengine_auto.hpp">
      <Filter>auto</Filter>
    </ClInclude>
    <ClInclude Include="..\manual\jsb_box2d_manual.hpp">
      <Filter>manual</Filter>
    </ClInclude>
    <ClInclude Include="..\manual\jsb_classtype.hpp">
      <Filter>manual</Filter>
    </ClInclude>
    <ClInclude Include="..\manual\jsb_cocos2dx_extension_manual.hpp">
      <Filter>manual</Filter>
    </ClInclude>
    <ClInclude Include="..\manual\jsb_cocos2dx_manual.hpp">
      <Filter>manual</Filter>
    </ClInclude>
    <ClInclude Include="..\manual\jsb_conversions.hpp">
      <Filter>manual</Filter>
    </ClInclude>
    <ClInclude Include="..\manual\jsb_creator_manual.hpp">
      <Filter>manual</Filter>
    </ClInclude>
    <ClInclude Include="..\manual\jsb_dragonbones_manual.hpp">
      <Filter>manual</Filter>
    </ClInclude>
    <ClInclude Include="..\manual\jsb_global.h">
      <Filter>manual</Filter>
    </ClInclude>
    <ClInclude Include="..\manual\jsb_helper.hpp">
      <Filter>manual</Filter>
    </ClInclude>
    <ClInclude Include="..\manual\jsb_module_register.hpp">
      <Filter>manual</Filter>
    </ClInclude>
    <ClInclude Include="..\manual\jsb_node.hpp">
      <Filter>manual</Filter>
    </ClInclude>
    <ClInclude Include="..\manual\jsb_socketio.hpp">
      <Filter>manual</Filter>
    </ClInclude>
    <ClInclude Include="..\manual\jsb_spine_manual.hpp">
      <Filter>manual</Filter>
    </ClInclude>
    <ClInclude Include="..\manual\jsb_websocket.hpp">
      <Filter>manual</Filter>
    </ClInclude>
    <ClInclude Include="..\manual\jsb_xmlhttprequest.hpp">
      <Filter>manual</Filter>
    </ClInclude>
    <ClInclude Include="..\manual\ScriptingCore.h">
      <Filter>manual</Filter>
    </ClInclude>
    <ClInclude Include="..\jswrapper\config.hpp">
      <Filter>jswrapper</Filter>
    </ClInclude>
    <ClInclude Include="..\jswrapper\HandleObject.hpp">
      <Filter>jswrapper</Filter>
    </ClInclude>
    <ClInclude Include="..\jswrapper\Object.hpp">
      <Filter>jswrapper</Filter>
    </ClInclude>
    <ClInclude Include="..\jswrapper\RefCounter.hpp">
      <Filter>jswrapper</Filter>
    </ClInclude>
    <ClInclude Include="..\jswrapper\SeApi.h">
      <Filter>jswrapper</Filter>
    </ClInclude>
    <ClInclude Include="..\jswrapper\State.hpp">
      <Filter>jswrapper</Filter>
    </ClInclude>
    <ClInclude Include="..\jswrapper\Value.hpp">
      <Filter>jswrapper</Filter>
    </ClInclude>
    <ClInclude Include="..\jswrapper\v8\Object.hpp">
      <Filter>jswrapper\v8</Filter>
    </ClInclude>
    <ClInclude Include="..\jswrapper\v8\ObjectWrap.h">
      <Filter>jswrapper\v8</Filter>
    </ClInclude>
    <ClInclude Include="..\jswrapper\v8\ScriptEngine.hpp">
      <Filter>jswrapper\v8</Filter>
    </ClInclude>
    <ClInclude Include="..\jswrapper\v8\SeApi.h">
      <Filter>jswrapper\v8</Filter>
    </ClInclude>
    <ClInclude Include="..\jswrapper\v8\Utils.hpp">
      <Filter>jswrapper\v8</Filter>
    </ClInclude>
    <ClInclude Include="..\jswrapper\v8\Base.h">
      <Filter>jswrapper\v8</Filter>
    </ClInclude>
    <ClInclude Include="..\jswrapper\v8\Class.hpp">
      <Filter>jswrapper\v8</Filter>
    </ClInclude>
    <ClInclude Include="..\jswrapper\v8\HelperMacros.h">
      <Filter>jswrapper\v8</Filter>
    </ClInclude>
    <ClInclude Include="..\jswrapper\v8\http_parser.h">
      <Filter>jswrapper\v8</Filter>
    </ClInclude>
    <ClInclude Include="..\jswrapper\v8\inspector_agent.h">
      <Filter>jswrapper\v8</Filter>
    </ClInclude>
    <ClInclude Include="..\jswrapper\v8\inspector_io.h">
      <Filter>jswrapper\v8</Filter>
    </ClInclude>
    <ClInclude Include="..\jswrapper\v8\inspector_socket.h">
      <Filter>jswrapper\v8</Filter>
    </ClInclude>
    <ClInclude Include="..\jswrapper\v8\inspector_socket_server.h">
      <Filter>jswrapper\v8</Filter>
    </ClInclude>
    <ClInclude Include="..\jswrapper\v8\node.h">
      <Filter>jswrapper\v8</Filter>
    </ClInclude>
    <ClInclude Include="..\jswrapper\v8\node_debug_options.h">
      <Filter>jswrapper\v8</Filter>
    </ClInclude>
    <ClInclude Include="..\jswrapper\v8\node_mutex.h">
      <Filter>jswrapper\v8</Filter>
    </ClInclude>
    <ClInclude Include="..\jswrapper\v8\util.h">
      <Filter>jswrapper\v8</Filter>
    </ClInclude>
    <ClInclude Include="..\jswrapper\v8\util-inl.h">
      <Filter>jswrapper\v8</Filter>
    </ClInclude>
    <ClInclude Include="..\jswrapper\v8\v8_inspector_protocol_json.h">
      <Filter>jswrapper\v8</Filter>
    </ClInclude>
    <ClInclude Include="..\jswrapper\v8\base64.h">
      <Filter>jswrapper\v8</Filter>
    </ClInclude>
    <ClInclude Include="..\jswrapper\v8\env.h">
      <Filter>jswrapper\v8</Filter>
    </ClInclude>
    <ClInclude Include="..\jswrapper\v8\SHA1.h">
      <Filter>jswrapper\v8</Filter>
    </ClInclude>
    <ClInclude Include="..\jswrapper\MappingUtils.hpp">
      <Filter>jswrapper</Filter>
    </ClInclude>
    <ClInclude Include="..\manual\BaseJSAction.h">
      <Filter>manual</Filter>
    </ClInclude>
    <ClInclude Include="..\auto\jsb_creator_camera_auto.hpp">
      <Filter>auto</Filter>
    </ClInclude>
    <ClInclude Include="..\auto\jsb_creator_graphics_auto.hpp">
      <Filter>auto</Filter>
    </ClInclude>
    <ClInclude Include="..\auto\jsb_creator_physics_auto.hpp">
      <Filter>auto</Filter>
    </ClInclude>
    <ClInclude Include="..\manual\jsb_creator_physics_manual.hpp">
      <Filter>manual</Filter>
    </ClInclude>
    <ClInclude Include="..\manual\jsb_opengl_functions.hpp">
      <Filter>manual</Filter>
    </ClInclude>
    <ClInclude Include="..\manual\jsb_opengl_manual.hpp">
      <Filter>manual</Filter>
    </ClInclude>
    <ClInclude Include="..\manual\jsb_opengl_node.hpp">
      <Filter>manual</Filter>
    </ClInclude>
    <ClInclude Include="..\manual\jsb_opengl_registration.hpp">
      <Filter>manual</Filter>
    </ClInclude>
  </ItemGroup>
</Project>