
Microsoft Visual Studio Solution File, Format Version 12.00
# Visual Studio 2013
VisualStudioVersion = 12.0.21005.1
MinimumVisualStudioVersion = 10.0.40219.1
Project("{8BC9CEB8-8B4A-11D0-8D11-00A0C91BC942}") = "HelloJavascript", "HelloJavascript.vcxproj", "{3B0B58B1-2734-488E-A542-ECEC11EB2455}"
	ProjectSection(ProjectDependencies) = postProject
		{39379840-825A-45A0-B363-C09FFEF864BD} = {39379840-825A-45A0-B363-C09FFEF864BD}
		{98A51BA8-FC3A-415B-AC8F-8C7BD464E93E} = {98A51BA8-FC3A-415B-AC8F-8C7BD464E93E}
	EndProjectSection
EndProject
Project("{2150E333-8FDC-42A3-9474-1A3956D46DE8}") = "External", "External", "{8C6B0381-B325-4D7F-B1BB-474ABACE46AC}"
EndProject
Project("{8BC9CEB8-8B4A-11D0-8D11-00A0C91BC942}") = "libSpine", "$(COCOS_X_ROOT)\cocos\editor-support\spine\proj.win32\libSpine.vcxproj", "{B7C2A162-DEC9-4418-972E-240AB3CBFCAE}"
EndProject
Project("{8BC9CEB8-8B4A-11D0-8D11-00A0C91BC942}") = "libcocos2d", "$(COCOS_X_ROOT)\cocos\2d\libcocos2d.vcxproj", "{98A51BA8-FC3A-415B-AC8F-8C7BD464E93E}"
EndProject
Project("{8BC9CEB8-8B4A-11D0-8D11-00A0C91BC942}") = "libjscocos2d", "$(COCOS_X_ROOT)\cocos\scripting\js-bindings\proj.win32\libjscocos2d.vcxproj", "{39379840-825A-45A0-B363-C09FFEF864BD}"
EndProject
Project("{8BC9CEB8-8B4A-11D0-8D11-00A0C91BC942}") = "libDragonBones", "$(COCOS_X_ROOT)\cocos\editor-support\dragonbones\proj.win32\libDragonBones.vcxproj", "{6B494955-1E66-40DA-830D-0D31B8D301EF}"
EndProject
Project("{8BC9CEB8-8B4A-11D0-8D11-00A0C91BC942}") = "libBox2D", "$(COCOS_X_ROOT)\external\sources\Box2D\proj.win32\libBox2D.vcxproj", "{EB7E5610-C178-49C9-8B4C-1C283E616ED9}"
EndProject
Global
	GlobalSection(SolutionConfigurationPlatforms) = preSolution
		Debug|Win32 = Debug|Win32
		Release|Win32 = Release|Win32
	EndGlobalSection
	GlobalSection(ProjectConfigurationPlatforms) = postSolution
		{3B0B58B1-2734-488E-A542-ECEC11EB2455}.Debug|Win32.ActiveCfg = Debug|Win32
		{3B0B58B1-2734-488E-A542-ECEC11EB2455}.Debug|Win32.Build.0 = Debug|Win32
		{3B0B58B1-2734-488E-A542-ECEC11EB2455}.Release|Win32.ActiveCfg = Release|Win32
		{3B0B58B1-2734-488E-A542-ECEC11EB2455}.Release|Win32.Build.0 = Release|Win32
		{B7C2A162-DEC9-4418-972E-240AB3CBFCAE}.Debug|Win32.ActiveCfg = Debug|Win32
		{B7C2A162-DEC9-4418-972E-240AB3CBFCAE}.Debug|Win32.Build.0 = Debug|Win32
		{B7C2A162-DEC9-4418-972E-240AB3CBFCAE}.Release|Win32.ActiveCfg = Release|Win32
		{B7C2A162-DEC9-4418-972E-240AB3CBFCAE}.Release|Win32.Build.0 = Release|Win32
		{98A51BA8-FC3A-415B-AC8F-8C7BD464E93E}.Debug|Win32.ActiveCfg = Debug|Win32
		{98A51BA8-FC3A-415B-AC8F-8C7BD464E93E}.Debug|Win32.Build.0 = Debug|Win32
		{98A51BA8-FC3A-415B-AC8F-8C7BD464E93E}.Release|Win32.ActiveCfg = Release|Win32
		{98A51BA8-FC3A-415B-AC8F-8C7BD464E93E}.Release|Win32.Build.0 = Release|Win32
		{39379840-825A-45A0-B363-C09FFEF864BD}.Debug|Win32.ActiveCfg = Debug|Win32
		{39379840-825A-45A0-B363-C09FFEF864BD}.Debug|Win32.Build.0 = Debug|Win32
		{39379840-825A-45A0-B363-C09FFEF864BD}.Release|Win32.ActiveCfg = Release|Win32
		{39379840-825A-45A0-B363-C09FFEF864BD}.Release|Win32.Build.0 = Release|Win32
		{6B494955-1E66-40DA-830D-0D31B8D301EF}.Debug|Win32.ActiveCfg = Debug|Win32
		{6B494955-1E66-40DA-830D-0D31B8D301EF}.Debug|Win32.Build.0 = Debug|Win32
		{6B494955-1E66-40DA-830D-0D31B8D301EF}.Release|Win32.ActiveCfg = Release|Win32
		{6B494955-1E66-40DA-830D-0D31B8D301EF}.Release|Win32.Build.0 = Release|Win32
		{EB7E5610-C178-49C9-8B4C-1C283E616ED9}.Debug|Win32.ActiveCfg = Debug|Win32
		{EB7E5610-C178-49C9-8B4C-1C283E616ED9}.Debug|Win32.Build.0 = Debug|Win32
		{EB7E5610-C178-49C9-8B4C-1C283E616ED9}.Release|Win32.ActiveCfg = Release|Win32
		{EB7E5610-C178-49C9-8B4C-1C283E616ED9}.Release|Win32.Build.0 = Release|Win32
	EndGlobalSection
	GlobalSection(SolutionProperties) = preSolution
		HideSolutionNode = FALSE
	EndGlobalSection
	GlobalSection(NestedProjects) = preSolution
		{B7C2A162-DEC9-4418-972E-240AB3CBFCAE} = {8C6B0381-B325-4D7F-B1BB-474ABACE46AC}
		{6B494955-1E66-40DA-830D-0D31B8D301EF} = {8C6B0381-B325-4D7F-B1BB-474ABACE46AC}
		{EB7E5610-C178-49C9-8B4C-1C283E616ED9} = {8C6B0381-B325-4D7F-B1BB-474ABACE46AC}
	EndGlobalSection
EndGlobal
