{
  "name": "who-am-i",
  "version": "1.0.0",
  "lockfileVersion": 1,
  "requires": true,
  "dependencies": {
    "@types/fs-extra": {
      "version": "9.0.4",
      "resolved": "https://registry.npm.taobao.org/@types/fs-extra/download/@types/fs-extra-9.0.4.tgz",
      "integrity": "sha1-ElUxOM8EONuaMc3IsKOqkzLrZ6o=",
      "dev": true,
      "requires": {
        "@types/node": "*"
      }
    },
    "@types/node": {
      "version": "14.14.7",
      "resolved": "https://registry.npm.taobao.org/@types/node/download/@types/node-14.14.7.tgz?cache=0&sync_timestamp=1604951079891&other_urls=https%3A%2F%2Fregistry.npm.taobao.org%2F%40types%2Fnode%2Fdownload%2F%40types%2Fnode-14.14.7.tgz",
      "integrity": "sha1-jqHo+OriQwz0QFZLmMbfzh7FlF0=",
      "dev": true
    },
    "at-least-node": {
      "version": "1.0.0",
      "resolved": "https://registry.npm.taobao.org/at-least-node/download/at-least-node-1.0.0.tgz",
      "integrity": "sha1-YCzUtG6EStTv/JKoARo8RuAjjcI="
    },
    "fs-extra": {
      "version": "9.0.1",
      "resolved": "https://registry.npm.taobao.org/fs-extra/download/fs-extra-9.0.1.tgz",
      "integrity": "sha1-kQ2gBiQ3ukw5/t2GPxZ1zP78ufw=",
      "requires": {
        "at-least-node": "^1.0.0",
        "graceful-fs": "^4.2.0",
        "jsonfile": "^6.0.1",
        "universalify": "^1.0.0"
      }
    },
    "graceful-fs": {
      "version": "4.2.4",
      "resolved": "https://registry.npm.taobao.org/graceful-fs/download/graceful-fs-4.2.4.tgz",
      "integrity": "sha1-Ila94U02MpWMRl68ltxGfKB6Kfs="
    },
    "jsonfile": {
      "version": "6.1.0",
      "resolved": "https://registry.npm.taobao.org/jsonfile/download/jsonfile-6.1.0.tgz?cache=0&sync_timestamp=1604161917513&other_urls=https%3A%2F%2Fregistry.npm.taobao.org%2Fjsonfile%2Fdownload%2Fjsonfile-6.1.0.tgz",
      "integrity": "sha1-vFWyY0eTxnnsZAMJTrE2mKbsCq4=",
      "requires": {
        "graceful-fs": "^4.1.6",
        "universalify": "^2.0.0"
      },
      "dependencies": {
        "universalify": {
          "version": "2.0.0",
          "resolved": "https://registry.npm.taobao.org/universalify/download/universalify-2.0.0.tgz?cache=0&sync_timestamp=1603179967633&other_urls=https%3A%2F%2Fregistry.npm.taobao.org%2Funiversalify%2Fdownload%2Funiversalify-2.0.0.tgz",
          "integrity": "sha1-daSYTv7cSwiXXFrrc/Uw0C3yVxc="
        }
      }
    },
    "typescript": {
      "version": "4.0.5",
      "resolved": "https://registry.npm.taobao.org/typescript/download/typescript-4.0.5.tgz",
      "integrity": "sha1-rp3d/RBp8ctb6z7zshcN18EzI4k=",
      "dev": true
    },
    "universalify": {
      "version": "1.0.0",
      "resolved": "https://registry.npm.taobao.org/universalify/download/universalify-1.0.0.tgz?cache=0&sync_timestamp=1603179967633&other_urls=https%3A%2F%2Fregistry.npm.taobao.org%2Funiversalify%2Fdownload%2Funiversalify-1.0.0.tgz",
      "integrity": "sha1-thodoXPoQ1sv48Z9Kbmt+FlL0W0="
    }
  }
}
